
Microsoft Visual Studio Solution File, Format Version 12.00
# Visual Studio 2012
Project("{FAE04EC0-301F-11D3-BF4B-00C04F79EFBC}") = "CatPics.Android", "CatPics.Android\CatPics.Android.csproj", "{9438170D-EB54-4D1C-9888-923A96D1B18A}"
EndProject
Project("{FAE04EC0-301F-11D3-BF4B-00C04F79EFBC}") = "CatPics.iOS", "CatPics.iOS\CatPics.iOS.csproj", "{4E467C82-021A-4057-8148-A87B77A64535}"
EndProject
Project("{FAE04EC0-301F-11D3-BF4B-00C04F79EFBC}") = "CatPics", "CatPics\CatPics.csproj", "{57FBB1CA-DA77-4D02-AA22-DBCE2A1108E9}"
EndProject
Project("{FAE04EC0-301F-11D3-BF4B-00C04F79EFBC}") = "CatPics.Shared", "CatPics.Shared\CatPics.Shared.csproj", "{3EF6C09D-F2E7-4C03-BCB2-2830F8F8A950}"
EndProject
Global
	GlobalSection(SolutionConfigurationPlatforms) = preSolution
		Debug|Any CPU = Debug|Any CPU
		Release|Any CPU = Release|Any CPU
		Debug|iPhoneSimulator = Debug|iPhoneSimulator
		Release|iPhoneSimulator = Release|iPhoneSimulator
		Debug|iPhone = Debug|iPhone
		Release|iPhone = Release|iPhone
	EndGlobalSection
	GlobalSection(ProjectConfigurationPlatforms) = postSolution
		{9438170D-EB54-4D1C-9888-923A96D1B18A}.Debug|Any CPU.ActiveCfg = Debug|Any CPU
		{9438170D-EB54-4D1C-9888-923A96D1B18A}.Debug|Any CPU.Build.0 = Debug|Any CPU
		{9438170D-EB54-4D1C-9888-923A96D1B18A}.Release|Any CPU.ActiveCfg = Release|Any CPU
		{9438170D-EB54-4D1C-9888-923A96D1B18A}.Release|Any CPU.Build.0 = Release|Any CPU
		{9438170D-EB54-4D1C-9888-923A96D1B18A}.Debug|iPhoneSimulator.ActiveCfg = Debug|Any CPU
		{9438170D-EB54-4D1C-9888-923A96D1B18A}.Debug|iPhoneSimulator.Build.0 = Debug|Any CPU
		{9438170D-EB54-4D1C-9888-923A96D1B18A}.Release|iPhoneSimulator.ActiveCfg = Release|Any CPU
		{9438170D-EB54-4D1C-9888-923A96D1B18A}.Release|iPhoneSimulator.Build.0 = Release|Any CPU
		{9438170D-EB54-4D1C-9888-923A96D1B18A}.Debug|iPhone.ActiveCfg = Debug|Any CPU
		{9438170D-EB54-4D1C-9888-923A96D1B18A}.Debug|iPhone.Build.0 = Debug|Any CPU
		{9438170D-EB54-4D1C-9888-923A96D1B18A}.Release|iPhone.ActiveCfg = Release|Any CPU
		{9438170D-EB54-4D1C-9888-923A96D1B18A}.Release|iPhone.Build.0 = Release|Any CPU
		{4E467C82-021A-4057-8148-A87B77A64535}.Debug|Any CPU.ActiveCfg = Debug|iPhoneSimulator
		{4E467C82-021A-4057-8148-A87B77A64535}.Debug|Any CPU.Build.0 = Debug|iPhoneSimulator
		{4E467C82-021A-4057-8148-A87B77A64535}.Release|Any CPU.ActiveCfg = Release|iPhoneSimulator
		{4E467C82-021A-4057-8148-A87B77A64535}.Release|Any CPU.Build.0 = Release|iPhoneSimulator
		{4E467C82-021A-4057-8148-A87B77A64535}.Debug|iPhoneSimulator.ActiveCfg = Debug|iPhoneSimulator
		{4E467C82-021A-4057-8148-A87B77A64535}.Debug|iPhoneSimulator.Build.0 = Debug|iPhoneSimulator
		{4E467C82-021A-4057-8148-A87B77A64535}.Release|iPhoneSimulator.ActiveCfg = Release|iPhoneSimulator
		{4E467C82-021A-4057-8148-A87B77A64535}.Release|iPhoneSimulator.Build.0 = Release|iPhoneSimulator
		{4E467C82-021A-4057-8148-A87B77A64535}.Debug|iPhone.ActiveCfg = Debug|iPhone
		{4E467C82-021A-4057-8148-A87B77A64535}.Debug|iPhone.Build.0 = Debug|iPhone
		{4E467C82-021A-4057-8148-A87B77A64535}.Release|iPhone.ActiveCfg = Release|iPhone
		{4E467C82-021A-4057-8148-A87B77A64535}.Release|iPhone.Build.0 = Release|iPhone
		{57FBB1CA-DA77-4D02-AA22-DBCE2A1108E9}.Debug|Any CPU.ActiveCfg = Debug|Any CPU
		{57FBB1CA-DA77-4D02-AA22-DBCE2A1108E9}.Debug|Any CPU.Build.0 = Debug|Any CPU
		{57FBB1CA-DA77-4D02-AA22-DBCE2A1108E9}.Release|Any CPU.ActiveCfg = Release|Any CPU
		{57FBB1CA-DA77-4D02-AA22-DBCE2A1108E9}.Release|Any CPU.Build.0 = Release|Any CPU
		{57FBB1CA-DA77-4D02-AA22-DBCE2A1108E9}.Debug|iPhoneSimulator.ActiveCfg = Debug|Any CPU
		{57FBB1CA-DA77-4D02-AA22-DBCE2A1108E9}.Debug|iPhoneSimulator.Build.0 = Debug|Any CPU
		{57FBB1CA-DA77-4D02-AA22-DBCE2A1108E9}.Release|iPhoneSimulator.ActiveCfg = Release|Any CPU
		{57FBB1CA-DA77-4D02-AA22-DBCE2A1108E9}.Release|iPhoneSimulator.Build.0 = Release|Any CPU
		{57FBB1CA-DA77-4D02-AA22-DBCE2A1108E9}.Debug|iPhone.ActiveCfg = Debug|Any CPU
		{57FBB1CA-DA77-4D02-AA22-DBCE2A1108E9}.Debug|iPhone.Build.0 = Debug|Any CPU
		{57FBB1CA-DA77-4D02-AA22-DBCE2A1108E9}.Release|iPhone.ActiveCfg = Release|Any CPU
		{57FBB1CA-DA77-4D02-AA22-DBCE2A1108E9}.Release|iPhone.Build.0 = Release|Any CPU
		{3EF6C09D-F2E7-4C03-BCB2-2830F8F8A950}.Debug|Any CPU.ActiveCfg = Debug|Any CPU
		{3EF6C09D-F2E7-4C03-BCB2-2830F8F8A950}.Debug|Any CPU.Build.0 = Debug|Any CPU
		{3EF6C09D-F2E7-4C03-BCB2-2830F8F8A950}.Release|Any CPU.ActiveCfg = Release|Any CPU
		{3EF6C09D-F2E7-4C03-BCB2-2830F8F8A950}.Release|Any CPU.Build.0 = Release|Any CPU
		{3EF6C09D-F2E7-4C03-BCB2-2830F8F8A950}.Debug|iPhoneSimulator.ActiveCfg = Debug|Any CPU
		{3EF6C09D-F2E7-4C03-BCB2-2830F8F8A950}.Debug|iPhoneSimulator.Build.0 = Debug|Any CPU
		{3EF6C09D-F2E7-4C03-BCB2-2830F8F8A950}.Release|iPhoneSimulator.ActiveCfg = Release|Any CPU
		{3EF6C09D-F2E7-4C03-BCB2-2830F8F8A950}.Release|iPhoneSimulator.Build.0 = Release|Any CPU
		{3EF6C09D-F2E7-4C03-BCB2-2830F8F8A950}.Debug|iPhone.ActiveCfg = Debug|Any CPU
		{3EF6C09D-F2E7-4C03-BCB2-2830F8F8A950}.Debug|iPhone.Build.0 = Debug|Any CPU
		{3EF6C09D-F2E7-4C03-BCB2-2830F8F8A950}.Release|iPhone.ActiveCfg = Release|Any CPU
		{3EF6C09D-F2E7-4C03-BCB2-2830F8F8A950}.Release|iPhone.Build.0 = Release|Any CPU
	EndGlobalSection
EndGlobal
